
Microsoft Visual Studio Solution File, Format Version 12.00
# Visual Studio Version 17
VisualStudioVersion = 17.1.32414.318
MinimumVisualStudioVersion = 10.0.40219.1
Project("{FAE04EC0-301F-11D3-BF4B-00C04F79EFBC}") = "Core", "Core\Core.csproj", "{75B1A07E-3568-4A18-B595-8D6DE23B46A7}"
EndProject
Project("{FAE04EC0-301F-11D3-BF4B-00C04F79EFBC}") = "DAL", "DAL\DAL.csproj", "{AF8D1E47-B13F-4158-A0D0-1C85D206700F}"
EndProject
Project("{FAE04EC0-301F-11D3-BF4B-00C04F79EFBC}") = "Service", "Service\Service.csproj", "{A6B0F729-28DE-4D9B-8E15-999C8B8D1067}"
EndProject
Project("{FAE04EC0-301F-11D3-BF4B-00C04F79EFBC}") = "UI", "UI\UI.csproj", "{330419EB-CAD5-4768-B642-A4A55CACE874}"
EndProject
Project("{FAE04EC0-301F-11D3-BF4B-00C04F79EFBC}") = "Common", "Common\Common.csproj", "{13560784-4814-4747-9CE6-F0243C6D5352}"
EndProject
Global
	GlobalSection(SolutionConfigurationPlatforms) = preSolution
		Debug|Any CPU = Debug|Any CPU
		Release|Any CPU = Release|Any CPU
	EndGlobalSection
	GlobalSection(ProjectConfigurationPlatforms) = postSolution
		{75B1A07E-3568-4A18-B595-8D6DE23B46A7}.Debug|Any CPU.ActiveCfg = Debug|Any CPU
		{75B1A07E-3568-4A18-B595-8D6DE23B46A7}.Debug|Any CPU.Build.0 = Debug|Any CPU
		{75B1A07E-3568-4A18-B595-8D6DE23B46A7}.Release|Any CPU.ActiveCfg = Release|Any CPU
		{75B1A07E-3568-4A18-B595-8D6DE23B46A7}.Release|Any CPU.Build.0 = Release|Any CPU
		{AF8D1E47-B13F-4158-A0D0-1C85D206700F}.Debug|Any CPU.ActiveCfg = Debug|Any CPU
		{AF8D1E47-B13F-4158-A0D0-1C85D206700F}.Debug|Any CPU.Build.0 = Debug|Any CPU
		{AF8D1E47-B13F-4158-A0D0-1C85D206700F}.Release|Any CPU.ActiveCfg = Release|Any CPU
		{AF8D1E47-B13F-4158-A0D0-1C85D206700F}.Release|Any CPU.Build.0 = Release|Any CPU
		{A6B0F729-28DE-4D9B-8E15-999C8B8D1067}.Debug|Any CPU.ActiveCfg = Debug|Any CPU
		{A6B0F729-28DE-4D9B-8E15-999C8B8D1067}.Debug|Any CPU.Build.0 = Debug|Any CPU
		{A6B0F729-28DE-4D9B-8E15-999C8B8D1067}.Release|Any CPU.ActiveCfg = Release|Any CPU
		{A6B0F729-28DE-4D9B-8E15-999C8B8D1067}.Release|Any CPU.Build.0 = Release|Any CPU
		{330419EB-CAD5-4768-B642-A4A55CACE874}.Debug|Any CPU.ActiveCfg = Debug|Any CPU
		{330419EB-CAD5-4768-B642-A4A55CACE874}.Debug|Any CPU.Build.0 = Debug|Any CPU
		{330419EB-CAD5-4768-B642-A4A55CACE874}.Release|Any CPU.ActiveCfg = Release|Any CPU
		{330419EB-CAD5-4768-B642-A4A55CACE874}.Release|Any CPU.Build.0 = Release|Any CPU
		{13560784-4814-4747-9CE6-F0243C6D5352}.Debug|Any CPU.ActiveCfg = Debug|Any CPU
		{13560784-4814-4747-9CE6-F0243C6D5352}.Debug|Any CPU.Build.0 = Debug|Any CPU
		{13560784-4814-4747-9CE6-F0243C6D5352}.Release|Any CPU.ActiveCfg = Release|Any CPU
		{13560784-4814-4747-9CE6-F0243C6D5352}.Release|Any CPU.Build.0 = Release|Any CPU
	EndGlobalSection
	GlobalSection(SolutionProperties) = preSolution
		HideSolutionNode = FALSE
	EndGlobalSection
	GlobalSection(ExtensibilityGlobals) = postSolution
		SolutionGuid = {2B982DFF-8086-455A-89B6-E49801FEB481}
	EndGlobalSection
EndGlobal
